<?xml version="1.0" encoding="utf-8"?>
<Project ToolsVersion="4.0" xmlns="http://schemas.microsoft.com/developer/msbuild/2003">
  <ItemGroup>
    <Filter Include="소스 파일">
      <UniqueIdentifier>{4FC737F1-C7A5-4376-A066-2A32D752A2FF}</UniqueIdentifier>
      <Extensions>cpp;c;cc;cxx;def;odl;idl;hpj;bat;asm;asmx</Extensions>
    </Filter>
    <Filter Include="헤더 파일">
      <UniqueIdentifier>{93995380-89BD-4b04-88EB-625FBE52EBFB}</UniqueIdentifier>
      <Extensions>h;hpp;hxx;hm;inl;inc;xsd</Extensions>
    </Filter>
    <Filter Include="리소스 파일">
      <UniqueIdentifier>{67DA6AB6-F800-4c08-8B7A-83BB121AAD01}</UniqueIdentifier>
      <Extensions>rc;ico;cur;bmp;dlg;rc2;rct;bin;rgs;gif;jpg;jpeg;jpe;resx;tiff;tif;png;wav;mfcribbon-ms</Extensions>
    </Filter>
  </ItemGroup>
  <ItemGroup>
    <ClCompile Include="main.cpp">
      <Filter>소스 파일</Filter>
    </ClCompile>
    <ClCompile Include="LM_Extract.cpp">
      <Filter>소스 파일</Filter>
    </ClCompile>
    <ClCompile Include="LM_Others.cpp">
      <Filter>소스 파일</Filter>
    </ClCompile>
    <ClCompile Include="LM_Pack.cpp">
      <Filter>소스 파일</Filter>
    </ClCompile>
    <ClCompile Include="LM_Functions.cpp">
      <Filter>소스 파일</Filter>
    </ClCompile>
    <ClCompile Include="zlib-1.2.11\adler32.c">
      <Filter>소스 파일</Filter>
    </ClCompile>
    <ClCompile Include="zlib-1.2.11\compress.c">
      <Filter>소스 파일</Filter>
    </ClCompile>
    <ClCompile Include="zlib-1.2.11\crc32.c">
      <Filter>소스 파일</Filter>
    </ClCompile>
    <ClCompile Include="zlib-1.2.11\deflate.c">
      <Filter>소스 파일</Filter>
    </ClCompile>
    <ClCompile Include="zlib-1.2.11\gzclose.c">
      <Filter>소스 파일</Filter>
    </ClCompile>
    <ClCompile Include="zlib-1.2.11\gzlib.c">
      <Filter>소스 파일</Filter>
    </ClCompile>
    <ClCompile Include="zlib-1.2.11\gzread.c">
      <Filter>소스 파일</Filter>
    </ClCompile>
    <ClCompile Include="zlib-1.2.11\gzwrite.c">
      <Filter>소스 파일</Filter>
    </ClCompile>
    <ClCompile Include="zlib-1.2.11\infback.c">
      <Filter>소스 파일</Filter>
    </ClCompile>
    <ClCompile Include="zlib-1.2.11\inffast.c">
      <Filter>소스 파일</Filter>
    </ClCompile>
    <ClCompile Include="zlib-1.2.11\inflate.c">
      <Filter>소스 파일</Filter>
    </ClCompile>
    <ClCompile Include="zlib-1.2.11\inftrees.c">
      <Filter>소스 파일</Filter>
    </ClCompile>
    <ClCompile Include="zlib-1.2.11\trees.c">
      <Filter>소스 파일</Filter>
    </ClCompile>
    <ClCompile Include="zlib-1.2.11\uncompr.c">
      <Filter>소스 파일</Filter>
    </ClCompile>
    <ClCompile Include="zlib-1.2.11\zutil.c">
      <Filter>소스 파일</Filter>
    </ClCompile>
    <ClCompile Include="LM_Text.cpp">
      <Filter>소스 파일</Filter>
    </ClCompile>
    <ClCompile Include="LM_Script_LSB.cpp">
      <Filter>소스 파일</Filter>
    </ClCompile>
    <ClCompile Include="LM_Script_LSB_Instructions.cpp">
      <Filter>소스 파일</Filter>
    </ClCompile>
    <ClCompile Include="LM_Script_LPB.cpp">
      <Filter>소스 파일</Filter>
    </ClCompile>
    <ClCompile Include="LM_Script_LPM.cpp">
      <Filter>소스 파일</Filter>
    </ClCompile>
    <ClCompile Include="LM_Script_LCM_LMT.cpp">
      <Filter>소스 파일</Filter>
    </ClCompile>
    <ClCompile Include="LM_Script_Install_DAT.cpp">
      <Filter>소스 파일</Filter>
    </ClCompile>
  </ItemGroup>
  <ItemGroup>
    <ClInclude Include="LM_Extract.h">
      <Filter>헤더 파일</Filter>
    </ClInclude>
    <ClInclude Include="LM_Others.h">
      <Filter>헤더 파일</Filter>
    </ClInclude>
    <ClInclude Include="LM_Base.h">
      <Filter>헤더 파일</Filter>
    </ClInclude>
    <ClInclude Include="LM_Pack.h">
      <Filter>헤더 파일</Filter>
    </ClInclude>
    <ClInclude Include="LM_Functions.h">
      <Filter>헤더 파일</Filter>
    </ClInclude>
    <ClInclude Include="zlib-1.2.11\crc32.h">
      <Filter>헤더 파일</Filter>
    </ClInclude>
    <ClInclude Include="zlib-1.2.11\deflate.h">
      <Filter>헤더 파일</Filter>
    </ClInclude>
    <ClInclude Include="zlib-1.2.11\gzguts.h">
      <Filter>헤더 파일</Filter>
    </ClInclude>
    <ClInclude Include="zlib-1.2.11\inffast.h">
      <Filter>헤더 파일</Filter>
    </ClInclude>
    <ClInclude Include="zlib-1.2.11\inffixed.h">
      <Filter>헤더 파일</Filter>
    </ClInclude>
    <ClInclude Include="zlib-1.2.11\inflate.h">
      <Filter>헤더 파일</Filter>
    </ClInclude>
    <ClInclude Include="zlib-1.2.11\inftrees.h">
      <Filter>헤더 파일</Filter>
    </ClInclude>
    <ClInclude Include="zlib-1.2.11\trees.h">
      <Filter>헤더 파일</Filter>
    </ClInclude>
    <ClInclude Include="zlib-1.2.11\zconf.h">
      <Filter>헤더 파일</Filter>
    </ClInclude>
    <ClInclude Include="zlib-1.2.11\zlib.h">
      <Filter>헤더 파일</Filter>
    </ClInclude>
    <ClInclude Include="zlib-1.2.11\zutil.h">
      <Filter>헤더 파일</Filter>
    </ClInclude>
    <ClInclude Include="LM_Text.h">
      <Filter>헤더 파일</Filter>
    </ClInclude>
    <ClInclude Include="LM_Script_LSB.h">
      <Filter>헤더 파일</Filter>
    </ClInclude>
    <ClInclude Include="LM_script_LPB.h">
      <Filter>헤더 파일</Filter>
    </ClInclude>
    <ClInclude Include="LM_Script.h">
      <Filter>헤더 파일</Filter>
    </ClInclude>
    <ClInclude Include="LM_Script_LPM.h">
      <Filter>헤더 파일</Filter>
    </ClInclude>
    <ClInclude Include="LM_Script_LCM_LMT.h">
      <Filter>헤더 파일</Filter>
    </ClInclude>
    <ClInclude Include="LM_Script_Install_DAT.h">
      <Filter>헤더 파일</Filter>
    </ClInclude>
  </ItemGroup>
</Project>